// !$*UTF8*$!
{
	archiveVersion = 1;
	classes = {
	};
	objectVersion = 48;
	objects = {

/* Begin PBXBuildFile section */
		C6525AFC20409552003EA328 /* AppDelegate.swift in Sources */ = {isa = PBXBuildFile; fileRef = C6525AFB20409552003EA328 /* AppDelegate.swift */; };
		C6525AFE20409552003EA328 /* ViewController.swift in Sources */ = {isa = PBXBuildFile; fileRef = C6525AFD20409552003EA328 /* ViewController.swift */; };
		C6525B0120409552003EA328 /* Main.storyboard in Resources */ = {isa = PBXBuildFile; fileRef = C6525AFF20409552003EA328 /* Main.storyboard */; };
		C6525B0320409552003EA328 /* Assets.xcassets in Resources */ = {isa = PBXBuildFile; fileRef = C6525B0220409552003EA328 /* Assets.xcassets */; };
		C6525B0620409552003EA328 /* LaunchScreen.storyboard in Resources */ = {isa = PBXBuildFile; fileRef = C6525B0420409552003EA328 /* LaunchScreen.storyboard */; };
		C6525B1120409552003EA328 /* Final_Dive_AppTests.swift in Sources */ = {isa = PBXBuildFile; fileRef = C6525B1020409552003EA328 /* Final_Dive_AppTests.swift */; };
		C6525B1C20409552003EA328 /* Final_Dive_AppUITests.swift in Sources */ = {isa = PBXBuildFile; fileRef = C6525B1B20409552003EA328 /* Final_Dive_AppUITests.swift */; };
/* End PBXBuildFile section */

/* Begin PBXContainerItemProxy section */
		C6525B0D20409552003EA328 /* PBXContainerItemProxy */ = {
			isa = PBXContainerItemProxy;
			containerPortal = C6525AF020409552003EA328 /* Project object */;
			proxyType = 1;
			remoteGlobalIDString = C6525AF720409552003EA328;
			remoteInfo = "Final Dive App";
		};
		C6525B1820409552003EA328 /* PBXContainerItemProxy */ = {
			isa = PBXContainerItemProxy;
			containerPortal = C6525AF020409552003EA328 /* Project object */;
			proxyType = 1;
			remoteGlobalIDString = C6525AF720409552003EA328;
			remoteInfo = "Final Dive App";
		};
/* End PBXContainerItemProxy section */

/* Begin PBXFileReference section */
		C6525AF820409552003EA328 /* Final Dive App.app */ = {isa = PBXFileReference; explicitFileType = wrapper.application; includeInIndex = 0; path = "Final Dive App.app"; sourceTree = BUILT_PRODUCTS_DIR; };
		C6525AFB20409552003EA328 /* AppDelegate.swift */ = {isa = PBXFileReference; lastKnownFileType = sourcecode.swift; path = AppDelegate.swift; sourceTree = "<group>"; };
		C6525AFD20409552003EA328 /* ViewController.swift */ = {isa = PBXFileReference; lastKnownFileType = sourcecode.swift; path = ViewController.swift; sourceTree = "<group>"; };
		C6525B0020409552003EA328 /* Base */ = {isa = PBXFileReference; lastKnownFileType = file.storyboard; name = Base; path = Base.lproj/Main.storyboard; sourceTree = "<group>"; };
		C6525B0220409552003EA328 /* Assets.xcassets */ = {isa = PBXFileReference; lastKnownFileType = folder.assetcatalog; path = Assets.xcassets; sourceTree = "<group>"; };
		C6525B0520409552003EA328 /* Base */ = {isa = PBXFileReference; lastKnownFileType = file.storyboard; name = Base; path = Base.lproj/LaunchScreen.storyboard; sourceTree = "<group>"; };
		C6525B0720409552003EA328 /* Info.plist */ = {isa = PBXFileReference; lastKnownFileType = text.plist.xml; path = Info.plist; sourceTree = "<group>"; };
		C6525B0C20409552003EA328 /* Final Dive AppTests.xctest */ = {isa = PBXFileReference; explicitFileType = wrapper.cfbundle; includeInIndex = 0; path = "Final Dive AppTests.xctest"; sourceTree = BUILT_PRODUCTS_DIR; };
		C6525B1020409552003EA328 /* Final_Dive_AppTests.swift */ = {isa = PBXFileReference; lastKnownFileType = sourcecode.swift; path = Final_Dive_AppTests.swift; sourceTree = "<group>"; };
		C6525B1220409552003EA328 /* Info.plist */ = {isa = PBXFileReference; lastKnownFileType = text.plist.xml; path = Info.plist; sourceTree = "<group>"; };
		C6525B1720409552003EA328 /* Final Dive AppUITests.xctest */ = {isa = PBXFileReference; explicitFileType = wrapper.cfbundle; includeInIndex = 0; path = "Final Dive AppUITests.xctest"; sourceTree = BUILT_PRODUCTS_DIR; };
		C6525B1B20409552003EA328 /* Final_Dive_AppUITests.swift */ = {isa = PBXFileReference; lastKnownFileType = sourcecode.swift; path = Final_Dive_AppUITests.swift; sourceTree = "<group>"; };
		C6525B1D20409552003EA328 /* Info.plist */ = {isa = PBXFileReference; lastKnownFileType = text.plist.xml; path = Info.plist; sourceTree = "<group>"; };
/* End PBXFileReference section */

/* Begin PBXFrameworksBuildPhase section */
		C6525AF520409552003EA328 /* Frameworks */ = {
			isa = PBXFrameworksBuildPhase;
			buildActionMask = 2147483647;
			files = (
			);
			runOnlyForDeploymentPostprocessing = 0;
		};
		C6525B0920409552003EA328 /* Frameworks */ = {
			isa = PBXFrameworksBuildPhase;
			buildActionMask = 2147483647;
			files = (
			);
			runOnlyForDeploymentPostprocessing = 0;
		};
		C6525B1420409552003EA328 /* Frameworks */ = {
			isa = PBXFrameworksBuildPhase;
			buildActionMask = 2147483647;
			files = (
			);
			runOnlyForDeploymentPostprocessing = 0;
		};
/* End PBXFrameworksBuildPhase section */

/* Begin PBXGroup section */
		C6525AEF20409552003EA328 = {
			isa = PBXGroup;
			children = (
				C6525AFA20409552003EA328 /* Final Dive App */,
				C6525B0F20409552003EA328 /* Final Dive AppTests */,
				C6525B1A20409552003EA328 /* Final Dive AppUITests */,
				C6525AF920409552003EA328 /* Products */,
			);
			sourceTree = "<group>";
		};
		C6525AF920409552003EA328 /* Products */ = {
			isa = PBXGroup;
			children = (
				C6525AF820409552003EA328 /* Final Dive App.app */,
				C6525B0C20409552003EA328 /* Final Dive AppTests.xctest */,
				C6525B1720409552003EA328 /* Final Dive AppUITests.xctest */,
			);
			name = Products;
			sourceTree = "<group>";
		};
		C6525AFA20409552003EA328 /* Final Dive App */ = {
			isa = PBXGroup;
			children = (
				C6525AFB20409552003EA328 /* AppDelegate.swift */,
				C6525AFD20409552003EA328 /* ViewController.swift */,
				C6525AFF20409552003EA328 /* Main.storyboard */,
				C6525B0220409552003EA328 /* Assets.xcassets */,
				C6525B0420409552003EA328 /* LaunchScreen.storyboard */,
				C6525B0720409552003EA328 /* Info.plist */,
			);
			path = "Final Dive App";
			sourceTree = "<group>";
		};
		C6525B0F20409552003EA328 /* Final Dive AppTests */ = {
			isa = PBXGroup;
			children = (
				C6525B1020409552003EA328 /* Final_Dive_AppTests.swift */,
				C6525B1220409552003EA328 /* Info.plist */,
			);
			path = "Final Dive AppTests";
			sourceTree = "<group>";
		};
		C6525B1A20409552003EA328 /* Final Dive AppUITests */ = {
			isa = PBXGroup;
			children = (
				C6525B1B20409552003EA328 /* Final_Dive_AppUITests.swift */,
				C6525B1D20409552003EA328 /* Info.plist */,
			);
			path = "Final Dive AppUITests";
			sourceTree = "<group>";
		};
/* End PBXGroup section */

/* Begin PBXNativeTarget section */
		C6525AF720409552003EA328 /* Final Dive App */ = {
			isa = PBXNativeTarget;
			buildConfigurationList = C6525B2020409552003EA328 /* Build configuration list for PBXNativeTarget "Final Dive App" */;
			buildPhases = (
				C6525AF420409552003EA328 /* Sources */,
				C6525AF520409552003EA328 /* Frameworks */,
				C6525AF620409552003EA328 /* Resources */,
			);
			buildRules = (
			);
			dependencies = (
			);
			name = "Final Dive App";
			productName = "Final Dive App";
			productReference = C6525AF820409552003EA328 /* Final Dive App.app */;
			productType = "com.apple.product-type.application";
		};
		C6525B0B20409552003EA328 /* Final Dive AppTests */ = {
			isa = PBXNativeTarget;
			buildConfigurationList = C6525B2320409552003EA328 /* Build configuration list for PBXNativeTarget "Final Dive AppTests" */;
			buildPhases = (
				C6525B0820409552003EA328 /* Sources */,
				C6525B0920409552003EA328 /* Frameworks */,
				C6525B0A20409552003EA328 /* Resources */,
			);
			buildRules = (
			);
			dependencies = (
				C6525B0E20409552003EA328 /* PBXTargetDependency */,
			);
			name = "Final Dive AppTests";
			productName = "Final Dive AppTests";
			productReference = C6525B0C20409552003EA328 /* Final Dive AppTests.xctest */;
			productType = "com.apple.product-type.bundle.unit-test";
		};
		C6525B1620409552003EA328 /* Final Dive AppUITests */ = {
			isa = PBXNativeTarget;
			buildConfigurationList = C6525B2620409552003EA328 /* Build configuration list for PBXNativeTarget "Final Dive AppUITests" */;
			buildPhases = (
				C6525B1320409552003EA328 /* Sources */,
				C6525B1420409552003EA328 /* Frameworks */,
				C6525B1520409552003EA328 /* Resources */,
			);
			buildRules = (
			);
			dependencies = (
				C6525B1920409552003EA328 /* PBXTargetDependency */,
			);
			name = "Final Dive AppUITests";
			productName = "Final Dive AppUITests";
			productReference = C6525B1720409552003EA328 /* Final Dive AppUITests.xctest */;
			productType = "com.apple.product-type.bundle.ui-testing";
		};
/* End PBXNativeTarget section */

/* Begin PBXProject section */
		C6525AF020409552003EA328 /* Project object */ = {
			isa = PBXProject;
			attributes = {
				LastSwiftUpdateCheck = 0920;
				LastUpgradeCheck = 0920;
				ORGANIZATIONNAME = "Thomas Simko";
				TargetAttributes = {
					C6525AF720409552003EA328 = {
						CreatedOnToolsVersion = 9.2;
						ProvisioningStyle = Automatic;
					};
					C6525B0B20409552003EA328 = {
						CreatedOnToolsVersion = 9.2;
						ProvisioningStyle = Automatic;
						TestTargetID = C6525AF720409552003EA328;
					};
					C6525B1620409552003EA328 = {
						CreatedOnToolsVersion = 9.2;
						ProvisioningStyle = Automatic;
						TestTargetID = C6525AF720409552003EA328;
					};
				};
			};
			buildConfigurationList = C6525AF320409552003EA328 /* Build configuration list for PBXProject "Final Dive App" */;
			compatibilityVersion = "Xcode 8.0";
			developmentRegion = en;
			hasScannedForEncodings = 0;
			knownRegions = (
				en,
				Base,
			);
			mainGroup = C6525AEF20409552003EA328;
			productRefGroup = C6525AF920409552003EA328 /* Products */;
			projectDirPath = "";
			projectRoot = "";
			targets = (
				C6525AF720409552003EA328 /* Final Dive App */,
				C6525B0B20409552003EA328 /* Final Dive AppTests */,
				C6525B1620409552003EA328 /* Final Dive AppUITests */,
			);
		};
/* End PBXProject section */

/* Begin PBXResourcesBuildPhase section */
		C6525AF620409552003EA328 /* Resources */ = {
			isa = PBXResourcesBuildPhase;
			buildActionMask = 2147483647;
			files = (
				C6525B0620409552003EA328 /* LaunchScreen.storyboard in Resources */,
				C6525B0320409552003EA328 /* Assets.xcassets in Resources */,
				C6525B0120409552003EA328 /* Main.storyboard in Resources */,
			);
			runOnlyForDeploymentPostprocessing = 0;
		};
		C6525B0A20409552003EA328 /* Resources */ = {
			isa = PBXResourcesBuildPhase;
			buildActionMask = 2147483647;
			files = (
			);
			runOnlyForDeploymentPostprocessing = 0;
		};
		C6525B1520409552003EA328 /* Resources */ = {
			isa = PBXResourcesBuildPhase;
			buildActionMask = 2147483647;
			files = (
			);
			runOnlyForDeploymentPostprocessing = 0;
		};
/* End PBXResourcesBuildPhase section */

/* Begin PBXSourcesBuildPhase section */
		C6525AF420409552003EA328 /* Sources */ = {
			isa = PBXSourcesBuildPhase;
			buildActionMask = 2147483647;
			files = (
				C6525AFE20409552003EA328 /* ViewController.swift in Sources */,
				C6525AFC20409552003EA328 /* AppDelegate.swift in Sources */,
			);
			runOnlyForDeploymentPostprocessing = 0;
		};
		C6525B0820409552003EA328 /* Sources */ = {
			isa = PBXSourcesBuildPhase;
			buildActionMask = 2147483647;
			files = (
				C6525B1120409552003EA328 /* Final_Dive_AppTests.swift in Sources */,
			);
			runOnlyForDeploymentPostprocessing = 0;
		};
		C6525B1320409552003EA328 /* Sources */ = {
			isa = PBXSourcesBuildPhase;
			buildActionMask = 2147483647;
			files = (
				C6525B1C20409552003EA328 /* Final_Dive_AppUITests.swift in Sources */,
			);
			runOnlyForDeploymentPostprocessing = 0;
		};
/* End PBXSourcesBuildPhase section */

/* Begin PBXTargetDependency section */
		C6525B0E20409552003EA328 /* PBXTargetDependency */ = {
			isa = PBXTargetDependency;
			target = C6525AF720409552003EA328 /* Final Dive App */;
			targetProxy = C6525B0D20409552003EA328 /* PBXContainerItemProxy */;
		};
		C6525B1920409552003EA328 /* PBXTargetDependency */ = {
			isa = PBXTargetDependency;
			target = C6525AF720409552003EA328 /* Final Dive App */;
			targetProxy = C6525B1820409552003EA328 /* PBXContainerItemProxy */;
		};
/* End PBXTargetDependency section */

/* Begin PBXVariantGroup section */
		C6525AFF20409552003EA328 /* Main.storyboard */ = {
			isa = PBXVariantGroup;
			children = (
				C6525B0020409552003EA328 /* Base */,
			);
			name = Main.storyboard;
			sourceTree = "<group>";
		};
		C6525B0420409552003EA328 /* LaunchScreen.storyboard */ = {
			isa = PBXVariantGroup;
			children = (
				C6525B0520409552003EA328 /* Base */,
			);
			name = LaunchScreen.storyboard;
			sourceTree = "<group>";
		};
/* End PBXVariantGroup section */

/* Begin XCBuildConfiguration section */
		C6525B1E20409552003EA328 /* Debug */ = {
			isa = XCBuildConfiguration;
			buildSettings = {
				ALWAYS_SEARCH_USER_PATHS = NO;
				CLANG_ANALYZER_NONNULL = YES;
				CLANG_ANALYZER_NUMBER_OBJECT_CONVERSION = YES_AGGRESSIVE;
				CLANG_CXX_LANGUAGE_STANDARD = "gnu++14";
				CLANG_CXX_LIBRARY = "libc++";
				CLANG_ENABLE_MODULES = YES;
				CLANG_ENABLE_OBJC_ARC = YES;
				CLANG_WARN_BLOCK_CAPTURE_AUTORELEASING = YES;
				CLANG_WARN_BOOL_CONVERSION = YES;
				CLANG_WARN_COMMA = YES;
				CLANG_WARN_CONSTANT_CONVERSION = YES;
				CLANG_WARN_DIRECT_OBJC_ISA_USAGE = YES_ERROR;
				CLANG_WARN_DOCUMENTATION_COMMENTS = YES;
				CLANG_WARN_EMPTY_BODY = YES;
				CLANG_WARN_ENUM_CONVERSION = YES;
				CLANG_WARN_INFINITE_RECURSION = YES;
				CLANG_WARN_INT_CONVERSION = YES;
				CLANG_WARN_NON_LITERAL_NULL_CONVERSION = YES;
				CLANG_WARN_OBJC_LITERAL_CONVERSION = YES;
				CLANG_WARN_OBJC_ROOT_CLASS = YES_ERROR;
				CLANG_WARN_RANGE_LOOP_ANALYSIS = YES;
				CLANG_WARN_STRICT_PROTOTYPES = YES;
				CLANG_WARN_SUSPICIOUS_MOVE = YES;
				CLANG_WARN_UNGUARDED_AVAILABILITY = YES_AGGRESSIVE;
				CLANG_WARN_UNREACHABLE_CODE = YES;
				CLANG_WARN__DUPLICATE_METHOD_MATCH = YES;
				CODE_SIGN_IDENTITY = "iPhone Developer";
				COPY_PHASE_STRIP = NO;
				DEBUG_INFORMATION_FORMAT = dwarf;
				ENABLE_STRICT_OBJC_MSGSEND = YES;
				ENABLE_TESTABILITY = YES;
				GCC_C_LANGUAGE_STANDARD = gnu11;
				GCC_DYNAMIC_NO_PIC = NO;
				GCC_NO_COMMON_BLOCKS = YES;
				GCC_OPTIMIZATION_LEVEL = 0;
				GCC_PREPROCESSOR_DEFINITIONS = (
					"DEBUG=1",
					"$(inherited)",
				);
				GCC_WARN_64_TO_32_BIT_CONVERSION = YES;
				GCC_WARN_ABOUT_RETURN_TYPE = YES_ERROR;
				GCC_WARN_UNDECLARED_SELECTOR = YES;
				GCC_WARN_UNINITIALIZED_AUTOS = YES_AGGRESSIVE;
				GCC_WARN_UNUSED_FUNCTION = YES;
				GCC_WARN_UNUSED_VARIABLE = YES;
				IPHONEOS_DEPLOYMENT_TARGET = 11.2;
				MTL_ENABLE_DEBUG_INFO = YES;
				ONLY_ACTIVE_ARCH = YES;
				SDKROOT = iphoneos;
				SWIFT_ACTIVE_COMPILATION_CONDITIONS = DEBUG;
				SWIFT_OPTIMIZATION_LEVEL = "-Onone";
			};
			name = Debug;
		};
		C6525B1F20409552003EA328 /* Release */ = {
			isa = XCBuildConfiguration;
			buildSettings = {
				ALWAYS_SEARCH_USER_PATHS = NO;
				CLANG_ANALYZER_NONNULL = YES;
				CLANG_ANALYZER_NUMBER_OBJECT_CONVERSION = YES_AGGRESSIVE;
				CLANG_CXX_LANGUAGE_STANDARD = "gnu++14";
				CLANG_CXX_LIBRARY = "libc++";
				CLANG_ENABLE_MODULES = YES;
				CLANG_ENABLE_OBJC_ARC = YES;
				CLANG_WARN_BLOCK_CAPTURE_AUTORELEASING = YES;
				CLANG_WARN_BOOL_CONVERSION = YES;
				CLANG_WARN_COMMA = YES;
				CLANG_WARN_CONSTANT_CONVERSION = YES;
				CLANG_WARN_DIRECT_OBJC_ISA_USAGE = YES_ERROR;
				CLANG_WARN_DOCUMENTATION_COMMENTS = YES;
				CLANG_WARN_EMPTY_BODY = YES;
				CLANG_WARN_ENUM_CONVERSION = YES;
				CLANG_WARN_INFINITE_RECURSION = YES;
				CLANG_WARN_INT_CONVERSION = YES;
				CLANG_WARN_NON_LITERAL_NULL_CONVERSION = YES;
				CLANG_WARN_OBJC_LITERAL_CONVERSION = YES;
				CLANG_WARN_OBJC_ROOT_CLASS = YES_ERROR;
				CLANG_WARN_RANGE_LOOP_ANALYSIS = YES;
				CLANG_WARN_STRICT_PROTOTYPES = YES;
				CLANG_WARN_SUSPICIOUS_MOVE = YES;
				CLANG_WARN_UNGUARDED_AVAILABILITY = YES_AGGRESSIVE;
				CLANG_WARN_UNREACHABLE_CODE = YES;
				CLANG_WARN__DUPLICATE_METHOD_MATCH = YES;
				CODE_SIGN_IDENTITY = "iPhone Developer";
				COPY_PHASE_STRIP = NO;
				DEBUG_INFORMATION_FORMAT = "dwarf-with-dsym";
				ENABLE_NS_ASSERTIONS = NO;
				ENABLE_STRICT_OBJC_MSGSEND = YES;
				GCC_C_LANGUAGE_STANDARD = gnu11;
				GCC_NO_COMMON_BLOCKS = YES;
				GCC_WARN_64_TO_32_BIT_CONVERSION = YES;
				GCC_WARN_ABOUT_RETURN_TYPE = YES_ERROR;
				GCC_WARN_UNDECLARED_SELECTOR = YES;
				GCC_WARN_UNINITIALIZED_AUTOS = YES_AGGRESSIVE;
				GCC_WARN_UNUSED_FUNCTION = YES;
				GCC_WARN_UNUSED_VARIABLE = YES;
				IPHONEOS_DEPLOYMENT_TARGET = 11.2;
				MTL_ENABLE_DEBUG_INFO = NO;
				SDKROOT = iphoneos;
				SWIFT_OPTIMIZATION_LEVEL = "-Owholemodule";
				VALIDATE_PRODUCT = YES;
			};
			name = Release;
		};
		C6525B2120409552003EA328 /* Debug */ = {
			isa = XCBuildConfiguration;
			buildSettings = {
				ASSETCATALOG_COMPILER_APPICON_NAME = AppIcon;
				CODE_SIGN_STYLE = Automatic;
				DEVELOPMENT_TEAM = U449T2236S;
				INFOPLIST_FILE = "Final Dive App/Info.plist";
				LD_RUNPATH_SEARCH_PATHS = "$(inherited) @executable_path/Frameworks";
				PRODUCT_BUNDLE_IDENTIFIER = "Practice.Final-Dive-App";
				PRODUCT_NAME = "$(TARGET_NAME)";
				SWIFT_VERSION = 4.0;
				TARGETED_DEVICE_FAMILY = "1,2";
			};
			name = Debug;
		};
		C6525B2220409552003EA328 /* Release */ = {
			isa = XCBuildConfiguration;
			buildSettings = {
				ASSETCATALOG_COMPILER_APPICON_NAME = AppIcon;
				CODE_SIGN_STYLE = Automatic;
				DEVELOPMENT_TEAM = U449T2236S;
				INFOPLIST_FILE = "Final Dive App/Info.plist";
				LD_RUNPATH_SEARCH_PATHS = "$(inherited) @executable_path/Frameworks";
				PRODUCT_BUNDLE_IDENTIFIER = "Practice.Final-Dive-App";
				PRODUCT_NAME = "$(TARGET_NAME)";
				SWIFT_VERSION = 4.0;
				TARGETED_DEVICE_FAMILY = "1,2";
			};
			name = Release;
		};
		C6525B2420409552003EA328 /* Debug */ = {
			isa = XCBuildConfiguration;
			buildSettings = {
				ALWAYS_EMBED_SWIFT_STANDARD_LIBRARIES = YES;
				BUNDLE_LOADER = "$(TEST_HOST)";
				CODE_SIGN_STYLE = Automatic;
				DEVELOPMENT_TEAM = U449T2236S;
				INFOPLIST_FILE = "Final Dive AppTests/Info.plist";
				LD_RUNPATH_SEARCH_PATHS = "$(inherited) @executable_path/Frameworks @loader_path/Frameworks";
				PRODUCT_BUNDLE_IDENTIFIER = "Practice.Final-Dive-AppTests";
				PRODUCT_NAME = "$(TARGET_NAME)";
				SWIFT_VERSION = 4.0;
				TARGETED_DEVICE_FAMILY = "1,2";
				TEST_HOST = "$(BUILT_PRODUCTS_DIR)/Final Dive App.app/Final Dive App";
			};
			name = Debug;
		};
		C6525B2520409552003EA328 /* Release */ = {
			isa = XCBuildConfiguration;
			buildSettings = {
				ALWAYS_EMBED_SWIFT_STANDARD_LIBRARIES = YES;
				BUNDLE_LOADER = "$(TEST_HOST)";
				CODE_SIGN_STYLE = Automatic;
				DEVELOPMENT_TEAM = U449T2236S;
				INFOPLIST_FILE = "Final Dive AppTests/Info.plist";
				LD_RUNPATH_SEARCH_PATHS = "$(inherited) @executable_path/Frameworks @loader_path/Frameworks";
				PRODUCT_BUNDLE_IDENTIFIER = "Practice.Final-Dive-AppTests";
				PRODUCT_NAME = "$(TARGET_NAME)";
				SWIFT_VERSION = 4.0;
				TARGETED_DEVICE_FAMILY = "1,2";
				TEST_HOST = "$(BUILT_PRODUCTS_DIR)/Final Dive App.app/Final Dive App";
			};
			name = Release;
		};
		C6525B2720409552003EA328 /* Debug */ = {
			isa = XCBuildConfiguration;
			buildSettings = {
				ALWAYS_EMBED_SWIFT_STANDARD_LIBRARIES = YES;
				CODE_SIGN_STYLE = Automatic;
				DEVELOPMENT_TEAM = U449T2236S;
				INFOPLIST_FILE = "Final Dive AppUITests/Info.plist";
				LD_RUNPATH_SEARCH_PATHS = "$(inherited) @executable_path/Frameworks @loader_path/Frameworks";
				PRODUCT_BUNDLE_IDENTIFIER = "Practice.Final-Dive-AppUITests";
				PRODUCT_NAME = "$(TARGET_NAME)";
				SWIFT_VERSION = 4.0;
				TARGETED_DEVICE_FAMILY = "1,2";
				TEST_TARGET_NAME = "Final Dive App";
			};
			name = Debug;
		};
		C6525B2820409552003EA328 /* Release */ = {
			isa = XCBuildConfiguration;
			buildSettings = {
				ALWAYS_EMBED_SWIFT_STANDARD_LIBRARIES = YES;
				CODE_SIGN_STYLE = Automatic;
				DEVELOPMENT_TEAM = U449T2236S;
				INFOPLIST_FILE = "Final Dive AppUITests/Info.plist";
				LD_RUNPATH_SEARCH_PATHS = "$(inherited) @executable_path/Frameworks @loader_path/Frameworks";
				PRODUCT_BUNDLE_IDENTIFIER = "Practice.Final-Dive-AppUITests";
				PRODUCT_NAME = "$(TARGET_NAME)";
				SWIFT_VERSION = 4.0;
				TARGETED_DEVICE_FAMILY = "1,2";
				TEST_TARGET_NAME = "Final Dive App";
			};
			name = Release;
		};
/* End XCBuildConfiguration section */

/* Begin XCConfigurationList section */
		C6525AF320409552003EA328 /* Build configuration list for PBXProject "Final Dive App" */ = {
			isa = XCConfigurationList;
			buildConfigurations = (
				C6525B1E20409552003EA328 /* Debug */,
				C6525B1F20409552003EA328 /* Release */,
			);
			defaultConfigurationIsVisible = 0;
			defaultConfigurationName = Release;
		};
		C6525B2020409552003EA328 /* Build configuration list for PBXNativeTarget "Final Dive App" */ = {
			isa = XCConfigurationList;
			buildConfigurations = (
				C6525B2120409552003EA328 /* Debug */,
				C6525B2220409552003EA328 /* Release */,
			);
			defaultConfigurationIsVisible = 0;
			defaultConfigurationName = Release;
		};
		C6525B2320409552003EA328 /* Build configuration list for PBXNativeTarget "Final Dive AppTests" */ = {
			isa = XCConfigurationList;
			buildConfigurations = (
				C6525B2420409552003EA328 /* Debug */,
				C6525B2520409552003EA328 /* Release */,
			);
			defaultConfigurationIsVisible = 0;
			defaultConfigurationName = Release;
		};
		C6525B2620409552003EA328 /* Build configuration list for PBXNativeTarget "Final Dive AppUITests" */ = {
			isa = XCConfigurationList;
			buildConfigurations = (
				C6525B2720409552003EA328 /* Debug */,
				C6525B2820409552003EA328 /* Release */,
			);
			defaultConfigurationIsVisible = 0;
			defaultConfigurationName = Release;
		};
/* End XCConfigurationList section */
	};
	rootObject = C6525AF020409552003EA328 /* Project object */;
}
